
Microsoft Visual Studio Solution File, Format Version 12.00
# Visual Studio Version 17
VisualStudioVersion = 17.2.32630.192
MinimumVisualStudioVersion = 10.0.40219.1
Project("{F2A71F9B-5D33-465A-A702-920D77279786}") = "TechnologyNewsApplicationUI", "TechnologyNewsApplicationUI.fsproj", "{5D28E976-8557-41AB-AEA9-B9FDB8DEFE76}"
EndProject
Global
	GlobalSection(SolutionConfigurationPlatforms) = preSolution
		Debug|Any CPU = Debug|Any CPU
		Release|Any CPU = Release|Any CPU
	EndGlobalSection
	GlobalSection(ProjectConfigurationPlatforms) = postSolution
		{5D28E976-8557-41AB-AEA9-B9FDB8DEFE76}.Debug|Any CPU.ActiveCfg = Debug|Any CPU
		{5D28E976-8557-41AB-AEA9-B9FDB8DEFE76}.Debug|Any CPU.Build.0 = Debug|Any CPU
		{5D28E976-8557-41AB-AEA9-B9FDB8DEFE76}.Release|Any CPU.ActiveCfg = Release|Any CPU
		{5D28E976-8557-41AB-AEA9-B9FDB8DEFE76}.Release|Any CPU.Build.0 = Release|Any CPU
	EndGlobalSection
	GlobalSection(SolutionProperties) = preSolution
		HideSolutionNode = FALSE
	EndGlobalSection
	GlobalSection(ExtensibilityGlobals) = postSolution
		SolutionGuid = {F43AFC1D-3E7A-497E-9FA1-DE8BEC766241}
	EndGlobalSection
EndGlobal
